
Microsoft Visual Studio Solution File, Format Version 12.00
# Visual Studio 15
VisualStudioVersion = 15.0.28307.438
MinimumVisualStudioVersion = 10.0.40219.1
Project("{FAE04EC0-301F-11D3-BF4B-00C04F79EFBC}") = "CocosCodeCreater", "CocosCodeCreater\CocosCodeCreater.csproj", "{62BCB16C-0DBE-401E-951A-EB02C5BD1A07}"
EndProject
Project("{9A19103F-16F7-4668-BE54-9A1E7A4F7556}") = "coder", "coder\coder.csproj", "{BB886279-4FB7-4A6E-A38F-46D3BF771B91}"
EndProject
Project("{FAE04EC0-301F-11D3-BF4B-00C04F79EFBC}") = "kernel", "kernel\kernel.csproj", "{6476D067-354C-4E95-A94C-CECADE9FB108}"
EndProject
Global
	GlobalSection(SolutionConfigurationPlatforms) = preSolution
		Debug|Any CPU = Debug|Any CPU
		Release|Any CPU = Release|Any CPU
	EndGlobalSection
	GlobalSection(ProjectConfigurationPlatforms) = postSolution
		{62BCB16C-0DBE-401E-951A-EB02C5BD1A07}.Debug|Any CPU.ActiveCfg = Debug|Any CPU
		{62BCB16C-0DBE-401E-951A-EB02C5BD1A07}.Debug|Any CPU.Build.0 = Debug|Any CPU
		{62BCB16C-0DBE-401E-951A-EB02C5BD1A07}.Release|Any CPU.ActiveCfg = Release|Any CPU
		{62BCB16C-0DBE-401E-951A-EB02C5BD1A07}.Release|Any CPU.Build.0 = Release|Any CPU
		{BB886279-4FB7-4A6E-A38F-46D3BF771B91}.Debug|Any CPU.ActiveCfg = Debug|Any CPU
		{BB886279-4FB7-4A6E-A38F-46D3BF771B91}.Debug|Any CPU.Build.0 = Debug|Any CPU
		{BB886279-4FB7-4A6E-A38F-46D3BF771B91}.Release|Any CPU.ActiveCfg = Release|Any CPU
		{BB886279-4FB7-4A6E-A38F-46D3BF771B91}.Release|Any CPU.Build.0 = Release|Any CPU
		{6476D067-354C-4E95-A94C-CECADE9FB108}.Debug|Any CPU.ActiveCfg = Debug|Any CPU
		{6476D067-354C-4E95-A94C-CECADE9FB108}.Debug|Any CPU.Build.0 = Debug|Any CPU
		{6476D067-354C-4E95-A94C-CECADE9FB108}.Release|Any CPU.ActiveCfg = Release|Any CPU
		{6476D067-354C-4E95-A94C-CECADE9FB108}.Release|Any CPU.Build.0 = Release|Any CPU
	EndGlobalSection
	GlobalSection(SolutionProperties) = preSolution
		HideSolutionNode = FALSE
	EndGlobalSection
	GlobalSection(ExtensibilityGlobals) = postSolution
		SolutionGuid = {A9456772-DFCB-4B55-9C05-06697DC3C4DA}
	EndGlobalSection
EndGlobal
